Microsoft Visual Studio Solution File, Format Version 12.00
# Visual Studio 2012
Project("{FAE04EC0-301F-11D3-BF4B-00C04F79EFBC}") = "master-thesis", "master-thesis.csproj", "{77255AD2-53F1-4FDD-97A0-18FC0D29FCB8}"
EndProject
Global
	GlobalSection(SolutionConfigurationPlatforms) = preSolution
	Debug|Any CPU = Debug|Any CPU
	ExportDebug|Any CPU = ExportDebug|Any CPU
	ExportRelease|Any CPU = ExportRelease|Any CPU
	EndGlobalSection
	GlobalSection(ProjectConfigurationPlatforms) = postSolution
		{77255AD2-53F1-4FDD-97A0-18FC0D29FCB8}.Debug|Any CPU.ActiveCfg = Debug|Any CPU
		{77255AD2-53F1-4FDD-97A0-18FC0D29FCB8}.Debug|Any CPU.Build.0 = Debug|Any CPU
		{77255AD2-53F1-4FDD-97A0-18FC0D29FCB8}.ExportDebug|Any CPU.ActiveCfg = ExportDebug|Any CPU
		{77255AD2-53F1-4FDD-97A0-18FC0D29FCB8}.ExportDebug|Any CPU.Build.0 = ExportDebug|Any CPU
		{77255AD2-53F1-4FDD-97A0-18FC0D29FCB8}.ExportRelease|Any CPU.ActiveCfg = ExportRelease|Any CPU
		{77255AD2-53F1-4FDD-97A0-18FC0D29FCB8}.ExportRelease|Any CPU.Build.0 = ExportRelease|Any CPU
	EndGlobalSection
EndGlobal
